{
  "version": 4,
  "terraform_version": "1.10.5",
  "serial": 8,
  "lineage": "fad556de-4ae6-a606-280f-9fbc483e945e",
  "outputs": {
    "lab_name": {
      "value": "ExampleLab",
      "type": "string"
    },
    "password": {
      "value": "@WH%uKgl!!0Nuq8X+ifR",
      "type": "string",
      "sensitive": true
    },
    "resource_group_name": {
      "value": "rg-daring-joey",
      "type": "string"
    },
    "vm_name": {
      "value": "ExampleVM-xmhza",
      "type": "string"
    }
  },
  "resources": [
    {
      "mode": "managed",
      "type": "azurerm_dev_test_lab",
      "name": "lab",
      "provider": "provider[\"registry.terraform.io/hashicorp/azurerm\"]",
      "instances": [
        {
          "schema_version": 1,
          "attributes": {
            "artifacts_storage_account_id": "/subscriptions/922fca42-aae3-4a9e-aebd-a779ccd26940/resourcegroups/rg-daring-joey/providers/microsoft.storage/storageaccounts/aexamplelab9594",
            "default_premium_storage_account_id": "/subscriptions/922fca42-aae3-4a9e-aebd-a779ccd26940/resourcegroups/rg-daring-joey/providers/microsoft.storage/storageaccounts/aexamplelab9594",
            "default_storage_account_id": "/subscriptions/922fca42-aae3-4a9e-aebd-a779ccd26940/resourcegroups/rg-daring-joey/providers/microsoft.storage/storageaccounts/aexamplelab9594",
            "id": "/subscriptions/922fca42-aae3-4a9e-aebd-a779ccd26940/resourceGroups/rg-daring-joey/providers/Microsoft.DevTestLab/labs/ExampleLab",
            "key_vault_id": "/subscriptions/922fca42-aae3-4a9e-aebd-a779ccd26940/resourceGroups/rg-daring-joey/providers/Microsoft.KeyVault/vaults/examplelab703",
            "location": "eastus",
            "name": "ExampleLab",
            "premium_data_disk_storage_account_id": "/subscriptions/922fca42-aae3-4a9e-aebd-a779ccd26940/resourcegroups/rg-daring-joey/providers/microsoft.storage/storageaccounts/aexamplelab9594",
            "resource_group_name": "rg-daring-joey",
            "storage_type": "Premium",
            "tags": null,
            "timeouts": null,
            "unique_identifier": "00992d21-427b-45b4-a398-9bbce510579f"
          },
          "sensitive_attributes": [],
          "private": "eyJlMmJmYjczMC1lY2FhLTExZTYtOGY4OC0zNDM2M2JjN2M0YzAiOnsiY3JlYXRlIjoxODAwMDAwMDAwMDAwLCJkZWxldGUiOjE4MDAwMDAwMDAwMDAsInJlYWQiOjMwMDAwMDAwMDAwMCwidXBkYXRlIjoxODAwMDAwMDAwMDAwfSwic2NoZW1hX3ZlcnNpb24iOiIxIn0=",
          "dependencies": [
            "azurerm_resource_group.rg",
            "random_pet.rg_name"
          ]
        }
      ]
    },
    {
      "mode": "managed",
      "type": "azurerm_dev_test_virtual_network",
      "name": "vnet",
      "provider": "provider[\"registry.terraform.io/hashicorp/azurerm\"]",
      "instances": [
        {
          "schema_version": 1,
          "attributes": {
            "description": "",
            "id": "/subscriptions/922fca42-aae3-4a9e-aebd-a779ccd26940/resourceGroups/rg-daring-joey/providers/Microsoft.DevTestLab/labs/ExampleLab/virtualNetworks/DtlExampleLab",
            "lab_name": "ExampleLab",
            "name": "DtlExampleLab",
            "resource_group_name": "rg-daring-joey",
            "subnet": [
              {
                "name": "DtlExampleLabSubnet",
                "shared_public_ip_address": [
                  {
                    "allowed_ports": [
                      {
                        "backend_port": 3389,
                        "transport_protocol": "Tcp"
                      },
                      {
                        "backend_port": 22,
                        "transport_protocol": "Tcp"
                      }
                    ]
                  }
                ],
                "use_in_virtual_machine_creation": "Allow",
                "use_public_ip_address": "Allow"
              }
            ],
            "tags": null,
            "timeouts": null,
            "unique_identifier": "fa0d41e1-03ff-48fc-aa48-3085dd5b2618"
          },
          "sensitive_attributes": [],
          "private": "eyJlMmJmYjczMC1lY2FhLTExZTYtOGY4OC0zNDM2M2JjN2M0YzAiOnsiY3JlYXRlIjoxODAwMDAwMDAwMDAwLCJkZWxldGUiOjE4MDAwMDAwMDAwMDAsInJlYWQiOjMwMDAwMDAwMDAwMCwidXBkYXRlIjoxODAwMDAwMDAwMDAwfSwic2NoZW1hX3ZlcnNpb24iOiIxIn0=",
          "dependencies": [
            "azurerm_dev_test_lab.lab",
            "azurerm_resource_group.rg",
            "random_pet.rg_name"
          ]
        }
      ]
    },
    {
      "mode": "managed",
      "type": "azurerm_dev_test_windows_virtual_machine",
      "name": "vm",
      "provider": "provider[\"registry.terraform.io/hashicorp/azurerm\"]",
      "instances": [
        {
          "schema_version": 1,
          "attributes": {
            "allow_claim": false,
            "disallow_public_ip_address": false,
            "fqdn": "examplevm-xmhza.eastus.cloudapp.azure.com",
            "gallery_image_reference": [
              {
                "offer": "WindowsServer",
                "publisher": "MicrosoftWindowsServer",
                "sku": "2019-Datacenter",
                "version": "latest"
              }
            ],
            "id": "/subscriptions/922fca42-aae3-4a9e-aebd-a779ccd26940/resourceGroups/rg-daring-joey/providers/Microsoft.DevTestLab/labs/ExampleLab/virtualMachines/ExampleVM-xmhza",
            "inbound_nat_rule": [],
            "lab_name": "ExampleLab",
            "lab_subnet_name": "DtlExampleLabSubnet",
            "lab_virtual_network_id": "/subscriptions/922fca42-aae3-4a9e-aebd-a779ccd26940/resourceGroups/rg-daring-joey/providers/Microsoft.DevTestLab/labs/ExampleLab/virtualNetworks/DtlExampleLab",
            "location": "eastus",
            "name": "ExampleVM-xmhza",
            "notes": "",
            "password": "@WH%uKgl!!0Nuq8X+ifR",
            "resource_group_name": "rg-daring-joey",
            "size": "Standard_D4_v3",
            "storage_type": "Standard",
            "tags": null,
            "timeouts": null,
            "unique_identifier": "2d2d22de-77ea-49b1-9848-e4c7d90e885f",
            "username": "exampleuser"
          },
          "sensitive_attributes": [
            [
              {
                "type": "get_attr",
                "value": "password"
              }
            ]
          ],
          "private": "eyJlMmJmYjczMC1lY2FhLTExZTYtOGY4OC0zNDM2M2JjN2M0YzAiOnsiY3JlYXRlIjoxODAwMDAwMDAwMDAwLCJkZWxldGUiOjE4MDAwMDAwMDAwMDAsInJlYWQiOjMwMDAwMDAwMDAwMCwidXBkYXRlIjoxODAwMDAwMDAwMDAwfSwic2NoZW1hX3ZlcnNpb24iOiIxIn0=",
          "dependencies": [
            "azurerm_dev_test_lab.lab",
            "azurerm_dev_test_virtual_network.vnet",
            "azurerm_resource_group.rg",
            "random_password.password",
            "random_pet.rg_name",
            "random_string.vm_suffix"
          ]
        }
      ]
    },
    {
      "mode": "managed",
      "type": "azurerm_resource_group",
      "name": "rg",
      "provider": "provider[\"registry.terraform.io/hashicorp/azurerm\"]",
      "instances": [
        {
          "schema_version": 0,
          "attributes": {
            "id": "/subscriptions/922fca42-aae3-4a9e-aebd-a779ccd26940/resourceGroups/rg-daring-joey",
            "location": "eastus",
            "managed_by": "",
            "name": "rg-daring-joey",
            "tags": null,
            "timeouts": null
          },
          "sensitive_attributes": [],
          "private": "eyJlMmJmYjczMC1lY2FhLTExZTYtOGY4OC0zNDM2M2JjN2M0YzAiOnsiY3JlYXRlIjo1NDAwMDAwMDAwMDAwLCJkZWxldGUiOjU0MDAwMDAwMDAwMDAsInJlYWQiOjMwMDAwMDAwMDAwMCwidXBkYXRlIjo1NDAwMDAwMDAwMDAwfX0=",
          "dependencies": [
            "random_pet.rg_name"
          ]
        }
      ]
    },
    {
      "mode": "managed",
      "type": "random_password",
      "name": "password",
      "provider": "provider[\"registry.terraform.io/hashicorp/random\"]",
      "instances": [
        {
          "index_key": 0,
          "schema_version": 3,
          "attributes": {
            "bcrypt_hash": "$2a$10$0P.9sB3nIBnvHhKLkEoJkOX8iLb/dI66x4PICqVKeLUULdMHWer7S",
            "id": "none",
            "keepers": null,
            "length": 20,
            "lower": true,
            "min_lower": 1,
            "min_numeric": 1,
            "min_special": 1,
            "min_upper": 1,
            "number": true,
            "numeric": true,
            "override_special": null,
            "result": "@WH%uKgl!!0Nuq8X+ifR",
            "special": true,
            "upper": true
          },
          "sensitive_attributes": [
            [
              {
                "type": "get_attr",
                "value": "bcrypt_hash"
              }
            ],
            [
              {
                "type": "get_attr",
                "value": "result"
              }
            ]
          ]
        }
      ]
    },
    {
      "mode": "managed",
      "type": "random_pet",
      "name": "rg_name",
      "provider": "provider[\"registry.terraform.io/hashicorp/random\"]",
      "instances": [
        {
          "schema_version": 0,
          "attributes": {
            "id": "rg-daring-joey",
            "keepers": null,
            "length": 2,
            "prefix": "rg",
            "separator": "-"
          },
          "sensitive_attributes": []
        }
      ]
    },
    {
      "mode": "managed",
      "type": "random_string",
      "name": "vm_suffix",
      "provider": "provider[\"registry.terraform.io/hashicorp/random\"]",
      "instances": [
        {
          "schema_version": 2,
          "attributes": {
            "id": "xmhza",
            "keepers": null,
            "length": 5,
            "lower": true,
            "min_lower": 0,
            "min_numeric": 0,
            "min_special": 0,
            "min_upper": 0,
            "number": false,
            "numeric": false,
            "override_special": null,
            "result": "xmhza",
            "special": false,
            "upper": false
          },
          "sensitive_attributes": []
        }
      ]
    }
  ],
  "check_results": null
}
